
Microsoft Visual Studio Solution File, Format Version 12.00
# Visual Studio 2012
Project("{E24C65DC-7377-472B-9ABA-BC803B73C61A}") = "MathsProgramVisualStudio", ".", "{0C787D6B-4DDC-427B-A308-DB350281A1FD}"
	ProjectSection(WebsiteProperties) = preProject
		TargetFrameworkMoniker = ".NETFramework,Version%3Dv4.5"
		Debug.AspNetCompiler.VirtualPath = "/MathsProgramVisualStudio"
		Debug.AspNetCompiler.PhysicalPath = "..\MathsProgramVisualStudio\"
		Debug.AspNetCompiler.TargetPath = "PrecompiledWeb\MathsProgramVisualStudio\"
		Debug.AspNetCompiler.Updateable = "true"
		Debug.AspNetCompiler.ForceOverwrite = "true"
		Debug.AspNetCompiler.FixedNames = "false"
		Debug.AspNetCompiler.Debug = "True"
		Release.AspNetCompiler.VirtualPath = "/MathsProgramVisualStudio"
		Release.AspNetCompiler.PhysicalPath = "..\MathsProgramVisualStudio\"
		Release.AspNetCompiler.TargetPath = "PrecompiledWeb\MathsProgramVisualStudio\"
		Release.AspNetCompiler.Updateable = "true"
		Release.AspNetCompiler.ForceOverwrite = "true"
		Release.AspNetCompiler.FixedNames = "false"
		Release.AspNetCompiler.Debug = "False"
		VWDPort = "62411"
	EndProjectSection
EndProject
Global
	GlobalSection(SolutionConfigurationPlatforms) = preSolution
		Debug|Any CPU = Debug|Any CPU
	EndGlobalSection
	GlobalSection(ProjectConfigurationPlatforms) = postSolution
		{0C787D6B-4DDC-427B-A308-DB350281A1FD}.Debug|Any CPU.ActiveCfg = Debug|Any CPU
		{0C787D6B-4DDC-427B-A308-DB350281A1FD}.Debug|Any CPU.Build.0 = Debug|Any CPU
	EndGlobalSection
	GlobalSection(SolutionProperties) = preSolution
		HideSolutionNode = FALSE
	EndGlobalSection
EndGlobal
